
Microsoft Visual Studio Solution File, Format Version 12.00
# Visual Studio Version 16
VisualStudioVersion = 16.0.31729.503
MinimumVisualStudioVersion = 10.0.40219.1
Project("{FAE04EC0-301F-11D3-BF4B-00C04F79EFBC}") = "PatientManagement", "PatientManagement.csproj", "{9B2CE733-ACD3-45C0-8886-0C20D3F9B98F}"
EndProject
Global
	GlobalSection(SolutionConfigurationPlatforms) = preSolution
		Debug|Any CPU = Debug|Any CPU
		Release|Any CPU = Release|Any CPU
	EndGlobalSection
	GlobalSection(ProjectConfigurationPlatforms) = postSolution
		{9B2CE733-ACD3-45C0-8886-0C20D3F9B98F}.Debug|Any CPU.ActiveCfg = Debug|Any CPU
		{9B2CE733-ACD3-45C0-8886-0C20D3F9B98F}.Debug|Any CPU.Build.0 = Debug|Any CPU
		{9B2CE733-ACD3-45C0-8886-0C20D3F9B98F}.Release|Any CPU.ActiveCfg = Release|Any CPU
		{9B2CE733-ACD3-45C0-8886-0C20D3F9B98F}.Release|Any CPU.Build.0 = Release|Any CPU
	EndGlobalSection
	GlobalSection(SolutionProperties) = preSolution
		HideSolutionNode = FALSE
	EndGlobalSection
	GlobalSection(ExtensibilityGlobals) = postSolution
		SolutionGuid = {6F1D89B6-F7F3-4747-9940-9B67108719FF}
	EndGlobalSection
EndGlobal
